
Microsoft Visual Studio Solution File, Format Version 12.00
# Visual Studio Version 17
VisualStudioVersion = 17.4.33122.133
MinimumVisualStudioVersion = 10.0.40219.1
Project("{9A19103F-16F7-4668-BE54-9A1E7A4F7556}") = "AdventOfCode2022", "AdventOfCode2022\AdventOfCode2022.csproj", "{23FFD581-8FCD-4500-AAE2-474C2CCA8DA8}"
EndProject
Project("{9A19103F-16F7-4668-BE54-9A1E7A4F7556}") = "Helpers", "Helpers\Helpers.csproj", "{D8282101-095C-4477-8D2E-38547CCD4425}"
EndProject
Project("{9A19103F-16F7-4668-BE54-9A1E7A4F7556}") = "Core", "Core\Core.csproj", "{4FF0A789-A9EF-4CBF-9E9F-E0B489D9B3F8}"
EndProject
Project("{FAE04EC0-301F-11D3-BF4B-00C04F79EFBC}") = "Helpers.Tests", "Helpers.Tests\Helpers.Tests.csproj", "{6B5BBAAB-3E7C-4C26-9EDE-ACA2E151DF0D}"
EndProject
Project("{FAE04EC0-301F-11D3-BF4B-00C04F79EFBC}") = "ConsoleRunner", "ConsoleRunner\ConsoleRunner.csproj", "{DEDE38A2-435B-4D60-A083-B967B4A7E42E}"
EndProject
Global
	GlobalSection(SolutionConfigurationPlatforms) = preSolution
		Debug|Any CPU = Debug|Any CPU
		Release|Any CPU = Release|Any CPU
	EndGlobalSection
	GlobalSection(ProjectConfigurationPlatforms) = postSolution
		{23FFD581-8FCD-4500-AAE2-474C2CCA8DA8}.Debug|Any CPU.ActiveCfg = Debug|Any CPU
		{23FFD581-8FCD-4500-AAE2-474C2CCA8DA8}.Debug|Any CPU.Build.0 = Debug|Any CPU
		{23FFD581-8FCD-4500-AAE2-474C2CCA8DA8}.Release|Any CPU.ActiveCfg = Release|Any CPU
		{23FFD581-8FCD-4500-AAE2-474C2CCA8DA8}.Release|Any CPU.Build.0 = Release|Any CPU
		{D8282101-095C-4477-8D2E-38547CCD4425}.Debug|Any CPU.ActiveCfg = Debug|Any CPU
		{D8282101-095C-4477-8D2E-38547CCD4425}.Debug|Any CPU.Build.0 = Debug|Any CPU
		{D8282101-095C-4477-8D2E-38547CCD4425}.Release|Any CPU.ActiveCfg = Release|Any CPU
		{D8282101-095C-4477-8D2E-38547CCD4425}.Release|Any CPU.Build.0 = Release|Any CPU
		{4FF0A789-A9EF-4CBF-9E9F-E0B489D9B3F8}.Debug|Any CPU.ActiveCfg = Debug|Any CPU
		{4FF0A789-A9EF-4CBF-9E9F-E0B489D9B3F8}.Debug|Any CPU.Build.0 = Debug|Any CPU
		{4FF0A789-A9EF-4CBF-9E9F-E0B489D9B3F8}.Release|Any CPU.ActiveCfg = Release|Any CPU
		{4FF0A789-A9EF-4CBF-9E9F-E0B489D9B3F8}.Release|Any CPU.Build.0 = Release|Any CPU
		{6B5BBAAB-3E7C-4C26-9EDE-ACA2E151DF0D}.Debug|Any CPU.ActiveCfg = Debug|Any CPU
		{6B5BBAAB-3E7C-4C26-9EDE-ACA2E151DF0D}.Debug|Any CPU.Build.0 = Debug|Any CPU
		{6B5BBAAB-3E7C-4C26-9EDE-ACA2E151DF0D}.Release|Any CPU.ActiveCfg = Release|Any CPU
		{6B5BBAAB-3E7C-4C26-9EDE-ACA2E151DF0D}.Release|Any CPU.Build.0 = Release|Any CPU
		{DEDE38A2-435B-4D60-A083-B967B4A7E42E}.Debug|Any CPU.ActiveCfg = Debug|Any CPU
		{DEDE38A2-435B-4D60-A083-B967B4A7E42E}.Debug|Any CPU.Build.0 = Debug|Any CPU
		{DEDE38A2-435B-4D60-A083-B967B4A7E42E}.Release|Any CPU.ActiveCfg = Release|Any CPU
		{DEDE38A2-435B-4D60-A083-B967B4A7E42E}.Release|Any CPU.Build.0 = Release|Any CPU
	EndGlobalSection
	GlobalSection(SolutionProperties) = preSolution
		HideSolutionNode = FALSE
	EndGlobalSection
	GlobalSection(ExtensibilityGlobals) = postSolution
		SolutionGuid = {AB1832A7-A681-4D7C-B6EA-DAE4870DE5CA}
	EndGlobalSection
EndGlobal
